
Microsoft Visual Studio Solution File, Format Version 12.00
# Visual Studio Version 17
VisualStudioVersion = 17.2.32516.85
MinimumVisualStudioVersion = 10.0.40219.1
Project("{FAE04EC0-301F-11D3-BF4B-00C04F79EFBC}") = "PasswordGenerator", "PasswordGenerator\PasswordGenerator.csproj", "{F96CD224-DA59-446A-A902-C25C51DA84F2}"
EndProject
Global
	GlobalSection(SolutionConfigurationPlatforms) = preSolution
		Debug|Any CPU = Debug|Any CPU
		Release|Any CPU = Release|Any CPU
	EndGlobalSection
	GlobalSection(ProjectConfigurationPlatforms) = postSolution
		{F96CD224-DA59-446A-A902-C25C51DA84F2}.Debug|Any CPU.ActiveCfg = Debug|Any CPU
		{F96CD224-DA59-446A-A902-C25C51DA84F2}.Debug|Any CPU.Build.0 = Debug|Any CPU
		{F96CD224-DA59-446A-A902-C25C51DA84F2}.Release|Any CPU.ActiveCfg = Release|Any CPU
		{F96CD224-DA59-446A-A902-C25C51DA84F2}.Release|Any CPU.Build.0 = Release|Any CPU
	EndGlobalSection
	GlobalSection(SolutionProperties) = preSolution
		HideSolutionNode = FALSE
	EndGlobalSection
	GlobalSection(ExtensibilityGlobals) = postSolution
		SolutionGuid = {41B6FFE9-1AC6-419E-971C-D349A1803E72}
	EndGlobalSection
EndGlobal
